// !$*UTF8*$!
{
	archiveVersion = 1;
	classes = {
	};
	objectVersion = 56;
	objects = {

/* Begin PBXBuildFile section */
		8CA8D5282A1617080014C4CA /* EmployeesViewModel.swift in Sources */ = {isa = PBXBuildFile; fileRef = 8CA8D5272A1617080014C4CA /* EmployeesViewModel.swift */; };
		8CA8D52A2A1617140014C4CA /* Employee.swift in Sources */ = {isa = PBXBuildFile; fileRef = 8CA8D5292A1617140014C4CA /* Employee.swift */; };
		8CA8D5312A1618B40014C4CA /* APIService.swift in Sources */ = {isa = PBXBuildFile; fileRef = 8CA8D5302A1618B40014C4CA /* APIService.swift */; };
		8CA8D5332A16233F0014C4CA /* EmployeeTableViewDataSource.swift in Sources */ = {isa = PBXBuildFile; fileRef = 8CA8D5322A16233F0014C4CA /* EmployeeTableViewDataSource.swift */; };
		8CA8D5362A163D310014C4CA /* EmployeeTableViewCell.swift in Sources */ = {isa = PBXBuildFile; fileRef = 8CA8D5352A163D310014C4CA /* EmployeeTableViewCell.swift */; };
		8CA8D5392A163EE00014C4CA /* SnapKit in Frameworks */ = {isa = PBXBuildFile; productRef = 8CA8D5382A163EE00014C4CA /* SnapKit */; };
		8CDA3DCD2A153B7300439C8C /* AppDelegate.swift in Sources */ = {isa = PBXBuildFile; fileRef = 8CDA3DCC2A153B7300439C8C /* AppDelegate.swift */; };
		8CDA3DCF2A153B7300439C8C /* SceneDelegate.swift in Sources */ = {isa = PBXBuildFile; fileRef = 8CDA3DCE2A153B7300439C8C /* SceneDelegate.swift */; };
		8CDA3DD12A153B7300439C8C /* ViewController.swift in Sources */ = {isa = PBXBuildFile; fileRef = 8CDA3DD02A153B7300439C8C /* ViewController.swift */; };
		8CDA3DD62A153B7400439C8C /* Assets.xcassets in Resources */ = {isa = PBXBuildFile; fileRef = 8CDA3DD52A153B7400439C8C /* Assets.xcassets */; };
		8CDA3DD92A153B7400439C8C /* LaunchScreen.storyboard in Resources */ = {isa = PBXBuildFile; fileRef = 8CDA3DD72A153B7400439C8C /* LaunchScreen.storyboard */; };
/* End PBXBuildFile section */

/* Begin PBXFileReference section */
		8CA8D5272A1617080014C4CA /* EmployeesViewModel.swift */ = {isa = PBXFileReference; lastKnownFileType = sourcecode.swift; path = EmployeesViewModel.swift; sourceTree = "<group>"; };
		8CA8D5292A1617140014C4CA /* Employee.swift */ = {isa = PBXFileReference; lastKnownFileType = sourcecode.swift; path = Employee.swift; sourceTree = "<group>"; };
		8CA8D5302A1618B40014C4CA /* APIService.swift */ = {isa = PBXFileReference; lastKnownFileType = sourcecode.swift; path = APIService.swift; sourceTree = "<group>"; };
		8CA8D5322A16233F0014C4CA /* EmployeeTableViewDataSource.swift */ = {isa = PBXFileReference; lastKnownFileType = sourcecode.swift; path = EmployeeTableViewDataSource.swift; sourceTree = "<group>"; };
		8CA8D5352A163D310014C4CA /* EmployeeTableViewCell.swift */ = {isa = PBXFileReference; lastKnownFileType = sourcecode.swift; path = EmployeeTableViewCell.swift; sourceTree = "<group>"; };
		8CDA3DC92A153B7300439C8C /* EmployeesMVVM.app */ = {isa = PBXFileReference; explicitFileType = wrapper.application; includeInIndex = 0; path = EmployeesMVVM.app; sourceTree = BUILT_PRODUCTS_DIR; };
		8CDA3DCC2A153B7300439C8C /* AppDelegate.swift */ = {isa = PBXFileReference; lastKnownFileType = sourcecode.swift; path = AppDelegate.swift; sourceTree = "<group>"; };
		8CDA3DCE2A153B7300439C8C /* SceneDelegate.swift */ = {isa = PBXFileReference; lastKnownFileType = sourcecode.swift; path = SceneDelegate.swift; sourceTree = "<group>"; };
		8CDA3DD02A153B7300439C8C /* ViewController.swift */ = {isa = PBXFileReference; lastKnownFileType = sourcecode.swift; path = ViewController.swift; sourceTree = "<group>"; };
		8CDA3DD52A153B7400439C8C /* Assets.xcassets */ = {isa = PBXFileReference; lastKnownFileType = folder.assetcatalog; path = Assets.xcassets; sourceTree = "<group>"; };
		8CDA3DD82A153B7400439C8C /* Base */ = {isa = PBXFileReference; lastKnownFileType = file.storyboard; name = Base; path = Base.lproj/LaunchScreen.storyboard; sourceTree = "<group>"; };
		8CDA3DDA2A153B7400439C8C /* Info.plist */ = {isa = PBXFileReference; lastKnownFileType = text.plist.xml; path = Info.plist; sourceTree = "<group>"; };
/* End PBXFileReference section */

/* Begin PBXFrameworksBuildPhase section */
		8CDA3DC62A153B7300439C8C /* Frameworks */ = {
			isa = PBXFrameworksBuildPhase;
			buildActionMask = 2147483647;
			files = (
				8CA8D5392A163EE00014C4CA /* SnapKit in Frameworks */,
			);
			runOnlyForDeploymentPostprocessing = 0;
		};
/* End PBXFrameworksBuildPhase section */

/* Begin PBXGroup section */
		8CA8D5232A1616D30014C4CA /* Controller */ = {
			isa = PBXGroup;
			children = (
				8CDA3DD02A153B7300439C8C /* ViewController.swift */,
			);
			path = Controller;
			sourceTree = "<group>";
		};
		8CA8D5242A1616D90014C4CA /* ViewModel */ = {
			isa = PBXGroup;
			children = (
				8CA8D5272A1617080014C4CA /* EmployeesViewModel.swift */,
				8CA8D5322A16233F0014C4CA /* EmployeeTableViewDataSource.swift */,
			);
			path = ViewModel;
			sourceTree = "<group>";
		};
		8CA8D5252A1616E70014C4CA /* Model */ = {
			isa = PBXGroup;
			children = (
				8CA8D5292A1617140014C4CA /* Employee.swift */,
			);
			path = Model;
			sourceTree = "<group>";
		};
		8CA8D52B2A16171C0014C4CA /* App */ = {
			isa = PBXGroup;
			children = (
				8CDA3DCC2A153B7300439C8C /* AppDelegate.swift */,
				8CDA3DCE2A153B7300439C8C /* SceneDelegate.swift */,
			);
			path = App;
			sourceTree = "<group>";
		};
		8CA8D52C2A16172B0014C4CA /* Storyboards */ = {
			isa = PBXGroup;
			children = (
				8CDA3DD72A153B7400439C8C /* LaunchScreen.storyboard */,
			);
			path = Storyboards;
			sourceTree = "<group>";
		};
		8CA8D52D2A16174D0014C4CA /* Sources */ = {
			isa = PBXGroup;
			children = (
				8CA8D52F2A1618A50014C4CA /* Services */,
				8CA8D52B2A16171C0014C4CA /* App */,
				8CA8D52C2A16172B0014C4CA /* Storyboards */,
				8CA8D5232A1616D30014C4CA /* Controller */,
				8CA8D5342A163D1E0014C4CA /* View */,
				8CA8D5252A1616E70014C4CA /* Model */,
				8CA8D5242A1616D90014C4CA /* ViewModel */,
			);
			path = Sources;
			sourceTree = "<group>";
		};
		8CA8D52E2A1617580014C4CA /* Resources */ = {
			isa = PBXGroup;
			children = (
				8CDA3DD52A153B7400439C8C /* Assets.xcassets */,
				8CDA3DDA2A153B7400439C8C /* Info.plist */,
			);
			path = Resources;
			sourceTree = "<group>";
		};
		8CA8D52F2A1618A50014C4CA /* Services */ = {
			isa = PBXGroup;
			children = (
				8CA8D5302A1618B40014C4CA /* APIService.swift */,
			);
			path = Services;
			sourceTree = "<group>";
		};
		8CA8D5342A163D1E0014C4CA /* View */ = {
			isa = PBXGroup;
			children = (
				8CA8D5352A163D310014C4CA /* EmployeeTableViewCell.swift */,
			);
			path = View;
			sourceTree = "<group>";
		};
		8CDA3DC02A153B7300439C8C = {
			isa = PBXGroup;
			children = (
				8CDA3DCB2A153B7300439C8C /* EmployeesMVVM */,
				8CDA3DCA2A153B7300439C8C /* Products */,
			);
			sourceTree = "<group>";
		};
		8CDA3DCA2A153B7300439C8C /* Products */ = {
			isa = PBXGroup;
			children = (
				8CDA3DC92A153B7300439C8C /* EmployeesMVVM.app */,
			);
			name = Products;
			sourceTree = "<group>";
		};
		8CDA3DCB2A153B7300439C8C /* EmployeesMVVM */ = {
			isa = PBXGroup;
			children = (
				8CA8D52E2A1617580014C4CA /* Resources */,
				8CA8D52D2A16174D0014C4CA /* Sources */,
			);
			path = EmployeesMVVM;
			sourceTree = "<group>";
		};
/* End PBXGroup section */

/* Begin PBXNativeTarget section */
		8CDA3DC82A153B7300439C8C /* EmployeesMVVM */ = {
			isa = PBXNativeTarget;
			buildConfigurationList = 8CDA3DDD2A153B7400439C8C /* Build configuration list for PBXNativeTarget "EmployeesMVVM" */;
			buildPhases = (
				8CDA3DC52A153B7300439C8C /* Sources */,
				8CDA3DC62A153B7300439C8C /* Frameworks */,
				8CDA3DC72A153B7300439C8C /* Resources */,
			);
			buildRules = (
			);
			dependencies = (
			);
			name = EmployeesMVVM;
			packageProductDependencies = (
				8CA8D5382A163EE00014C4CA /* SnapKit */,
			);
			productName = EmployeesMVVM;
			productReference = 8CDA3DC92A153B7300439C8C /* EmployeesMVVM.app */;
			productType = "com.apple.product-type.application";
		};
/* End PBXNativeTarget section */

/* Begin PBXProject section */
		8CDA3DC12A153B7300439C8C /* Project object */ = {
			isa = PBXProject;
			attributes = {
				BuildIndependentTargetsInParallel = 1;
				LastSwiftUpdateCheck = 1410;
				LastUpgradeCheck = 1410;
				TargetAttributes = {
					8CDA3DC82A153B7300439C8C = {
						CreatedOnToolsVersion = 14.1;
					};
				};
			};
			buildConfigurationList = 8CDA3DC42A153B7300439C8C /* Build configuration list for PBXProject "EmployeesMVVM" */;
			compatibilityVersion = "Xcode 14.0";
			developmentRegion = en;
			hasScannedForEncodings = 0;
			knownRegions = (
				en,
				Base,
			);
			mainGroup = 8CDA3DC02A153B7300439C8C;
			packageReferences = (
				8CA8D5372A163EE00014C4CA /* XCRemoteSwiftPackageReference "SnapKit" */,
			);
			productRefGroup = 8CDA3DCA2A153B7300439C8C /* Products */;
			projectDirPath = "";
			projectRoot = "";
			targets = (
				8CDA3DC82A153B7300439C8C /* EmployeesMVVM */,
			);
		};
/* End PBXProject section */

/* Begin PBXResourcesBuildPhase section */
		8CDA3DC72A153B7300439C8C /* Resources */ = {
			isa = PBXResourcesBuildPhase;
			buildActionMask = 2147483647;
			files = (
				8CDA3DD92A153B7400439C8C /* LaunchScreen.storyboard in Resources */,
				8CDA3DD62A153B7400439C8C /* Assets.xcassets in Resources */,
			);
			runOnlyForDeploymentPostprocessing = 0;
		};
/* End PBXResourcesBuildPhase section */

/* Begin PBXSourcesBuildPhase section */
		8CDA3DC52A153B7300439C8C /* Sources */ = {
			isa = PBXSourcesBuildPhase;
			buildActionMask = 2147483647;
			files = (
				8CA8D5332A16233F0014C4CA /* EmployeeTableViewDataSource.swift in Sources */,
				8CA8D5362A163D310014C4CA /* EmployeeTableViewCell.swift in Sources */,
				8CDA3DD12A153B7300439C8C /* ViewController.swift in Sources */,
				8CDA3DCD2A153B7300439C8C /* AppDelegate.swift in Sources */,
				8CA8D5282A1617080014C4CA /* EmployeesViewModel.swift in Sources */,
				8CA8D52A2A1617140014C4CA /* Employee.swift in Sources */,
				8CA8D5312A1618B40014C4CA /* APIService.swift in Sources */,
				8CDA3DCF2A153B7300439C8C /* SceneDelegate.swift in Sources */,
			);
			runOnlyForDeploymentPostprocessing = 0;
		};
/* End PBXSourcesBuildPhase section */

/* Begin PBXVariantGroup section */
		8CDA3DD72A153B7400439C8C /* LaunchScreen.storyboard */ = {
			isa = PBXVariantGroup;
			children = (
				8CDA3DD82A153B7400439C8C /* Base */,
			);
			name = LaunchScreen.storyboard;
			sourceTree = "<group>";
		};
/* End PBXVariantGroup section */

/* Begin XCBuildConfiguration section */
		8CDA3DDB2A153B7400439C8C /* Debug */ = {
			isa = XCBuildConfiguration;
			buildSettings = {
				ALWAYS_SEARCH_USER_PATHS = NO;
				CLANG_ANALYZER_NONNULL = YES;
				CLANG_ANALYZER_NUMBER_OBJECT_CONVERSION = YES_AGGRESSIVE;
				CLANG_CXX_LANGUAGE_STANDARD = "gnu++20";
				CLANG_ENABLE_MODULES = YES;
				CLANG_ENABLE_OBJC_ARC = YES;
				CLANG_ENABLE_OBJC_WEAK = YES;
				CLANG_WARN_BLOCK_CAPTURE_AUTORELEASING = YES;
				CLANG_WARN_BOOL_CONVERSION = YES;
				CLANG_WARN_COMMA = YES;
				CLANG_WARN_CONSTANT_CONVERSION = YES;
				CLANG_WARN_DEPRECATED_OBJC_IMPLEMENTATIONS = YES;
				CLANG_WARN_DIRECT_OBJC_ISA_USAGE = YES_ERROR;
				CLANG_WARN_DOCUMENTATION_COMMENTS = YES;
				CLANG_WARN_EMPTY_BODY = YES;
				CLANG_WARN_ENUM_CONVERSION = YES;
				CLANG_WARN_INFINITE_RECURSION = YES;
				CLANG_WARN_INT_CONVERSION = YES;
				CLANG_WARN_NON_LITERAL_NULL_CONVERSION = YES;
				CLANG_WARN_OBJC_IMPLICIT_RETAIN_SELF = YES;
				CLANG_WARN_OBJC_LITERAL_CONVERSION = YES;
				CLANG_WARN_OBJC_ROOT_CLASS = YES_ERROR;
				CLANG_WARN_QUOTED_INCLUDE_IN_FRAMEWORK_HEADER = YES;
				CLANG_WARN_RANGE_LOOP_ANALYSIS = YES;
				CLANG_WARN_STRICT_PROTOTYPES = YES;
				CLANG_WARN_SUSPICIOUS_MOVE = YES;
				CLANG_WARN_UNGUARDED_AVAILABILITY = YES_AGGRESSIVE;
				CLANG_WARN_UNREACHABLE_CODE = YES;
				CLANG_WARN__DUPLICATE_METHOD_MATCH = YES;
				COPY_PHASE_STRIP = NO;
				DEBUG_INFORMATION_FORMAT = dwarf;
				ENABLE_STRICT_OBJC_MSGSEND = YES;
				ENABLE_TESTABILITY = YES;
				GCC_C_LANGUAGE_STANDARD = gnu11;
				GCC_DYNAMIC_NO_PIC = NO;
				GCC_NO_COMMON_BLOCKS = YES;
				GCC_OPTIMIZATION_LEVEL = 0;
				GCC_PREPROCESSOR_DEFINITIONS = (
					"DEBUG=1",
					"$(inherited)",
				);
				GCC_WARN_64_TO_32_BIT_CONVERSION = YES;
				GCC_WARN_ABOUT_RETURN_TYPE = YES_ERROR;
				GCC_WARN_UNDECLARED_SELECTOR = YES;
				GCC_WARN_UNINITIALIZED_AUTOS = YES_AGGRESSIVE;
				GCC_WARN_UNUSED_FUNCTION = YES;
				GCC_WARN_UNUSED_VARIABLE = YES;
				IPHONEOS_DEPLOYMENT_TARGET = 16.1;
				MTL_ENABLE_DEBUG_INFO = INCLUDE_SOURCE;
				MTL_FAST_MATH = YES;
				ONLY_ACTIVE_ARCH = YES;
				SDKROOT = iphoneos;
				SWIFT_ACTIVE_COMPILATION_CONDITIONS = DEBUG;
				SWIFT_OPTIMIZATION_LEVEL = "-Onone";
			};
			name = Debug;
		};
		8CDA3DDC2A153B7400439C8C /* Release */ = {
			isa = XCBuildConfiguration;
			buildSettings = {
				ALWAYS_SEARCH_USER_PATHS = NO;
				CLANG_ANALYZER_NONNULL = YES;
				CLANG_ANALYZER_NUMBER_OBJECT_CONVERSION = YES_AGGRESSIVE;
				CLANG_CXX_LANGUAGE_STANDARD = "gnu++20";
				CLANG_ENABLE_MODULES = YES;
				CLANG_ENABLE_OBJC_ARC = YES;
				CLANG_ENABLE_OBJC_WEAK = YES;
				CLANG_WARN_BLOCK_CAPTURE_AUTORELEASING = YES;
				CLANG_WARN_BOOL_CONVERSION = YES;
				CLANG_WARN_COMMA = YES;
				CLANG_WARN_CONSTANT_CONVERSION = YES;
				CLANG_WARN_DEPRECATED_OBJC_IMPLEMENTATIONS = YES;
				CLANG_WARN_DIRECT_OBJC_ISA_USAGE = YES_ERROR;
				CLANG_WARN_DOCUMENTATION_COMMENTS = YES;
				CLANG_WARN_EMPTY_BODY = YES;
				CLANG_WARN_ENUM_CONVERSION = YES;
				CLANG_WARN_INFINITE_RECURSION = YES;
				CLANG_WARN_INT_CONVERSION = YES;
				CLANG_WARN_NON_LITERAL_NULL_CONVERSION = YES;
				CLANG_WARN_OBJC_IMPLICIT_RETAIN_SELF = YES;
				CLANG_WARN_OBJC_LITERAL_CONVERSION = YES;
				CLANG_WARN_OBJC_ROOT_CLASS = YES_ERROR;
				CLANG_WARN_QUOTED_INCLUDE_IN_FRAMEWORK_HEADER = YES;
				CLANG_WARN_RANGE_LOOP_ANALYSIS = YES;
				CLANG_WARN_STRICT_PROTOTYPES = YES;
				CLANG_WARN_SUSPICIOUS_MOVE = YES;
				CLANG_WARN_UNGUARDED_AVAILABILITY = YES_AGGRESSIVE;
				CLANG_WARN_UNREACHABLE_CODE = YES;
				CLANG_WARN__DUPLICATE_METHOD_MATCH = YES;
				COPY_PHASE_STRIP = NO;
				DEBUG_INFORMATION_FORMAT = "dwarf-with-dsym";
				ENABLE_NS_ASSERTIONS = NO;
				ENABLE_STRICT_OBJC_MSGSEND = YES;
				GCC_C_LANGUAGE_STANDARD = gnu11;
				GCC_NO_COMMON_BLOCKS = YES;
				GCC_WARN_64_TO_32_BIT_CONVERSION = YES;
				GCC_WARN_ABOUT_RETURN_TYPE = YES_ERROR;
				GCC_WARN_UNDECLARED_SELECTOR = YES;
				GCC_WARN_UNINITIALIZED_AUTOS = YES_AGGRESSIVE;
				GCC_WARN_UNUSED_FUNCTION = YES;
				GCC_WARN_UNUSED_VARIABLE = YES;
				IPHONEOS_DEPLOYMENT_TARGET = 16.1;
				MTL_ENABLE_DEBUG_INFO = NO;
				MTL_FAST_MATH = YES;
				SDKROOT = iphoneos;
				SWIFT_COMPILATION_MODE = wholemodule;
				SWIFT_OPTIMIZATION_LEVEL = "-O";
				VALIDATE_PRODUCT = YES;
			};
			name = Release;
		};
		8CDA3DDE2A153B7400439C8C /* Debug */ = {
			isa = XCBuildConfiguration;
			buildSettings = {
				ASSETCATALOG_COMPILER_APPICON_NAME = AppIcon;
				ASSETCATALOG_COMPILER_GLOBAL_ACCENT_COLOR_NAME = AccentColor;
				CODE_SIGN_STYLE = Automatic;
				CURRENT_PROJECT_VERSION = 1;
				DEVELOPMENT_TEAM = ST9BJ59MKD;
				GENERATE_INFOPLIST_FILE = YES;
				INFOPLIST_FILE = EmployeesMVVM/Resources/Info.plist;
				INFOPLIST_KEY_UIApplicationSupportsIndirectInputEvents = YES;
				INFOPLIST_KEY_UILaunchStoryboardName = LaunchScreen;
				INFOPLIST_KEY_UISupportedInterfaceOrientations_iPad = "UIInterfaceOrientationPortrait UIInterfaceOrientationPortraitUpsideDown UIInterfaceOrientationLandscapeLeft UIInterfaceOrientationLandscapeRight";
				INFOPLIST_KEY_UISupportedInterfaceOrientations_iPhone = "UIInterfaceOrientationPortrait UIInterfaceOrientationLandscapeLeft UIInterfaceOrientationLandscapeRight";
				LD_RUNPATH_SEARCH_PATHS = (
					"$(inherited)",
					"@executable_path/Frameworks",
				);
				MARKETING_VERSION = 1.0;
				PRODUCT_BUNDLE_IDENTIFIER = kz.EmployeesMVVM;
				PRODUCT_NAME = "$(TARGET_NAME)";
				SWIFT_EMIT_LOC_STRINGS = YES;
				SWIFT_VERSION = 5.0;
				TARGETED_DEVICE_FAMILY = "1,2";
			};
			name = Debug;
		};
		8CDA3DDF2A153B7400439C8C /* Release */ = {
			isa = XCBuildConfiguration;
			buildSettings = {
				ASSETCATALOG_COMPILER_APPICON_NAME = AppIcon;
				ASSETCATALOG_COMPILER_GLOBAL_ACCENT_COLOR_NAME = AccentColor;
				CODE_SIGN_STYLE = Automatic;
				CURRENT_PROJECT_VERSION = 1;
				DEVELOPMENT_TEAM = ST9BJ59MKD;
				GENERATE_INFOPLIST_FILE = YES;
				INFOPLIST_FILE = EmployeesMVVM/Resources/Info.plist;
				INFOPLIST_KEY_UIApplicationSupportsIndirectInputEvents = YES;
				INFOPLIST_KEY_UILaunchStoryboardName = LaunchScreen;
				INFOPLIST_KEY_UISupportedInterfaceOrientations_iPad = "UIInterfaceOrientationPortrait UIInterfaceOrientationPortraitUpsideDown UIInterfaceOrientationLandscapeLeft UIInterfaceOrientationLandscapeRight";
				INFOPLIST_KEY_UISupportedInterfaceOrientations_iPhone = "UIInterfaceOrientationPortrait UIInterfaceOrientationLandscapeLeft UIInterfaceOrientationLandscapeRight";
				LD_RUNPATH_SEARCH_PATHS = (
					"$(inherited)",
					"@executable_path/Frameworks",
				);
				MARKETING_VERSION = 1.0;
				PRODUCT_BUNDLE_IDENTIFIER = kz.EmployeesMVVM;
				PRODUCT_NAME = "$(TARGET_NAME)";
				SWIFT_EMIT_LOC_STRINGS = YES;
				SWIFT_VERSION = 5.0;
				TARGETED_DEVICE_FAMILY = "1,2";
			};
			name = Release;
		};
/* End XCBuildConfiguration section */

/* Begin XCConfigurationList section */
		8CDA3DC42A153B7300439C8C /* Build configuration list for PBXProject "EmployeesMVVM" */ = {
			isa = XCConfigurationList;
			buildConfigurations = (
				8CDA3DDB2A153B7400439C8C /* Debug */,
				8CDA3DDC2A153B7400439C8C /* Release */,
			);
			defaultConfigurationIsVisible = 0;
			defaultConfigurationName = Release;
		};
		8CDA3DDD2A153B7400439C8C /* Build configuration list for PBXNativeTarget "EmployeesMVVM" */ = {
			isa = XCConfigurationList;
			buildConfigurations = (
				8CDA3DDE2A153B7400439C8C /* Debug */,
				8CDA3DDF2A153B7400439C8C /* Release */,
			);
			defaultConfigurationIsVisible = 0;
			defaultConfigurationName = Release;
		};
/* End XCConfigurationList section */

/* Begin XCRemoteSwiftPackageReference section */
		8CA8D5372A163EE00014C4CA /* XCRemoteSwiftPackageReference "SnapKit" */ = {
			isa = XCRemoteSwiftPackageReference;
			repositoryURL = "https://github.com/SnapKit/SnapKit.git";
			requirement = {
				branch = develop;
				kind = branch;
			};
		};
/* End XCRemoteSwiftPackageReference section */

/* Begin XCSwiftPackageProductDependency section */
		8CA8D5382A163EE00014C4CA /* SnapKit */ = {
			isa = XCSwiftPackageProductDependency;
			package = 8CA8D5372A163EE00014C4CA /* XCRemoteSwiftPackageReference "SnapKit" */;
			productName = SnapKit;
		};
/* End XCSwiftPackageProductDependency section */
	};
	rootObject = 8CDA3DC12A153B7300439C8C /* Project object */;
}
